
Microsoft Visual Studio Solution File, Format Version 12.00
# Visual Studio Version 16
VisualStudioVersion = 16.0.32228.343
MinimumVisualStudioVersion = 10.0.40219.1
Project("{FAE04EC0-301F-11D3-BF4B-00C04F79EFBC}") = "Laba4", "Laba4.csproj", "{8D8B37CC-E517-4209-9883-2628E11FE85D}"
EndProject
Global
	GlobalSection(SolutionConfigurationPlatforms) = preSolution
		Debug|Any CPU = Debug|Any CPU
		Release|Any CPU = Release|Any CPU
	EndGlobalSection
	GlobalSection(ProjectConfigurationPlatforms) = postSolution
		{8D8B37CC-E517-4209-9883-2628E11FE85D}.Debug|Any CPU.ActiveCfg = Debug|Any CPU
		{8D8B37CC-E517-4209-9883-2628E11FE85D}.Debug|Any CPU.Build.0 = Debug|Any CPU
		{8D8B37CC-E517-4209-9883-2628E11FE85D}.Release|Any CPU.ActiveCfg = Release|Any CPU
		{8D8B37CC-E517-4209-9883-2628E11FE85D}.Release|Any CPU.Build.0 = Release|Any CPU
	EndGlobalSection
	GlobalSection(SolutionProperties) = preSolution
		HideSolutionNode = FALSE
	EndGlobalSection
	GlobalSection(ExtensibilityGlobals) = postSolution
		SolutionGuid = {170B9DE9-88BA-428C-B079-CAFB96A16D72}
	EndGlobalSection
EndGlobal
